// !$*UTF8*$!
{
	archiveVersion = 1;
	classes = {
	};
	objectVersion = 56;
	objects = {

/* Begin PBXBuildFile section */
		E3A1C7922A8100970078FA4B /* ToDoListApp.swift in Sources */ = {isa = PBXBuildFile; fileRef = E3A1C7912A8100970078FA4B /* ToDoListApp.swift */; };
		E3A1C7942A8100970078FA4B /* ContentView.swift in Sources */ = {isa = PBXBuildFile; fileRef = E3A1C7932A8100970078FA4B /* ContentView.swift */; };
		E3A1C7962A81009A0078FA4B /* Assets.xcassets in Resources */ = {isa = PBXBuildFile; fileRef = E3A1C7952A81009A0078FA4B /* Assets.xcassets */; };
		E3A1C7992A81009A0078FA4B /* Preview Assets.xcassets in Resources */ = {isa = PBXBuildFile; fileRef = E3A1C7982A81009A0078FA4B /* Preview Assets.xcassets */; };
		E3A1C7A22A8103D70078FA4B /* ToDo.swift in Sources */ = {isa = PBXBuildFile; fileRef = E3A1C7A12A8103D70078FA4B /* ToDo.swift */; };
		E3A1C7A42A8104DA0078FA4B /* ToDoStore.swift in Sources */ = {isa = PBXBuildFile; fileRef = E3A1C7A32A8104DA0078FA4B /* ToDoStore.swift */; };
		E3A1C7A62A8109620078FA4B /* PlusToDoView.swift in Sources */ = {isa = PBXBuildFile; fileRef = E3A1C7A52A8109620078FA4B /* PlusToDoView.swift */; };
		E3A1C7A82A810A6A0078FA4B /* HomeView.swift in Sources */ = {isa = PBXBuildFile; fileRef = E3A1C7A72A810A6A0078FA4B /* HomeView.swift */; };
		E3A1C7AA2A810CD60078FA4B /* ProfileView.swift in Sources */ = {isa = PBXBuildFile; fileRef = E3A1C7A92A810CD60078FA4B /* ProfileView.swift */; };
		E3B6B5F32A8E35A700F772E8 /* GoogleService-Info (3).plist in Resources */ = {isa = PBXBuildFile; fileRef = E3B6B5F22A8E35A600F772E8 /* GoogleService-Info (3).plist */; };
		E3B6B5F62A8E366600F772E8 /* FirebaseAuth in Frameworks */ = {isa = PBXBuildFile; productRef = E3B6B5F52A8E366600F772E8 /* FirebaseAuth */; };
		E3B6B5F82A8E366600F772E8 /* FirebaseAuthCombine-Community in Frameworks */ = {isa = PBXBuildFile; productRef = E3B6B5F72A8E366600F772E8 /* FirebaseAuthCombine-Community */; };
		E3B6B5FA2A8E366600F772E8 /* FirebaseDatabase in Frameworks */ = {isa = PBXBuildFile; productRef = E3B6B5F92A8E366600F772E8 /* FirebaseDatabase */; };
		E3B6B5FC2A8E366600F772E8 /* FirebaseDatabaseSwift in Frameworks */ = {isa = PBXBuildFile; productRef = E3B6B5FB2A8E366600F772E8 /* FirebaseDatabaseSwift */; };
		E3B6B5FE2A8E366600F772E8 /* FirebaseFirestore in Frameworks */ = {isa = PBXBuildFile; productRef = E3B6B5FD2A8E366600F772E8 /* FirebaseFirestore */; };
		E3B6B6002A8E366600F772E8 /* FirebaseFirestoreCombine-Community in Frameworks */ = {isa = PBXBuildFile; productRef = E3B6B5FF2A8E366600F772E8 /* FirebaseFirestoreCombine-Community */; };
		E3B6B6022A8E366600F772E8 /* FirebaseFirestoreSwift in Frameworks */ = {isa = PBXBuildFile; productRef = E3B6B6012A8E366600F772E8 /* FirebaseFirestoreSwift */; };
/* End PBXBuildFile section */

/* Begin PBXFileReference section */
		E3A1C78E2A8100970078FA4B /* ToDoList.app */ = {isa = PBXFileReference; explicitFileType = wrapper.application; includeInIndex = 0; path = ToDoList.app; sourceTree = BUILT_PRODUCTS_DIR; };
		E3A1C7912A8100970078FA4B /* ToDoListApp.swift */ = {isa = PBXFileReference; lastKnownFileType = sourcecode.swift; path = ToDoListApp.swift; sourceTree = "<group>"; };
		E3A1C7932A8100970078FA4B /* ContentView.swift */ = {isa = PBXFileReference; lastKnownFileType = sourcecode.swift; path = ContentView.swift; sourceTree = "<group>"; };
		E3A1C7952A81009A0078FA4B /* Assets.xcassets */ = {isa = PBXFileReference; lastKnownFileType = folder.assetcatalog; path = Assets.xcassets; sourceTree = "<group>"; };
		E3A1C7982A81009A0078FA4B /* Preview Assets.xcassets */ = {isa = PBXFileReference; lastKnownFileType = folder.assetcatalog; path = "Preview Assets.xcassets"; sourceTree = "<group>"; };
		E3A1C7A12A8103D70078FA4B /* ToDo.swift */ = {isa = PBXFileReference; lastKnownFileType = sourcecode.swift; path = ToDo.swift; sourceTree = "<group>"; };
		E3A1C7A32A8104DA0078FA4B /* ToDoStore.swift */ = {isa = PBXFileReference; lastKnownFileType = sourcecode.swift; path = ToDoStore.swift; sourceTree = "<group>"; };
		E3A1C7A52A8109620078FA4B /* PlusToDoView.swift */ = {isa = PBXFileReference; lastKnownFileType = sourcecode.swift; path = PlusToDoView.swift; sourceTree = "<group>"; };
		E3A1C7A72A810A6A0078FA4B /* HomeView.swift */ = {isa = PBXFileReference; lastKnownFileType = sourcecode.swift; path = HomeView.swift; sourceTree = "<group>"; };
		E3A1C7A92A810CD60078FA4B /* ProfileView.swift */ = {isa = PBXFileReference; lastKnownFileType = sourcecode.swift; path = ProfileView.swift; sourceTree = "<group>"; };
		E3B6B5F22A8E35A600F772E8 /* GoogleService-Info (3).plist */ = {isa = PBXFileReference; fileEncoding = 4; lastKnownFileType = text.plist.xml; path = "GoogleService-Info (3).plist"; sourceTree = "<group>"; };
/* End PBXFileReference section */

/* Begin PBXFrameworksBuildPhase section */
		E3A1C78B2A8100970078FA4B /* Frameworks */ = {
			isa = PBXFrameworksBuildPhase;
			buildActionMask = 2147483647;
			files = (
				E3B6B5FC2A8E366600F772E8 /* FirebaseDatabaseSwift in Frameworks */,
				E3B6B5FA2A8E366600F772E8 /* FirebaseDatabase in Frameworks */,
				E3B6B5F62A8E366600F772E8 /* FirebaseAuth in Frameworks */,
				E3B6B6022A8E366600F772E8 /* FirebaseFirestoreSwift in Frameworks */,
				E3B6B6002A8E366600F772E8 /* FirebaseFirestoreCombine-Community in Frameworks */,
				E3B6B5FE2A8E366600F772E8 /* FirebaseFirestore in Frameworks */,
				E3B6B5F82A8E366600F772E8 /* FirebaseAuthCombine-Community in Frameworks */,
			);
			runOnlyForDeploymentPostprocessing = 0;
		};
/* End PBXFrameworksBuildPhase section */

/* Begin PBXGroup section */
		E3A1C7852A8100970078FA4B = {
			isa = PBXGroup;
			children = (
				E3A1C7902A8100970078FA4B /* ToDoList */,
				E3A1C78F2A8100970078FA4B /* Products */,
			);
			sourceTree = "<group>";
		};
		E3A1C78F2A8100970078FA4B /* Products */ = {
			isa = PBXGroup;
			children = (
				E3A1C78E2A8100970078FA4B /* ToDoList.app */,
			);
			name = Products;
			sourceTree = "<group>";
		};
		E3A1C7902A8100970078FA4B /* ToDoList */ = {
			isa = PBXGroup;
			children = (
				E3A1C7912A8100970078FA4B /* ToDoListApp.swift */,
				E3A1C79F2A81039D0078FA4B /* View */,
				E3A1C7A02A8103A60078FA4B /* Model */,
				E3B6B5F22A8E35A600F772E8 /* GoogleService-Info (3).plist */,
				E3A1C7952A81009A0078FA4B /* Assets.xcassets */,
				E3A1C7972A81009A0078FA4B /* Preview Content */,
			);
			path = ToDoList;
			sourceTree = "<group>";
		};
		E3A1C7972A81009A0078FA4B /* Preview Content */ = {
			isa = PBXGroup;
			children = (
				E3A1C7982A81009A0078FA4B /* Preview Assets.xcassets */,
			);
			path = "Preview Content";
			sourceTree = "<group>";
		};
		E3A1C79F2A81039D0078FA4B /* View */ = {
			isa = PBXGroup;
			children = (
				E3A1C7932A8100970078FA4B /* ContentView.swift */,
				E3A1C7A72A810A6A0078FA4B /* HomeView.swift */,
				E3A1C7A52A8109620078FA4B /* PlusToDoView.swift */,
				E3A1C7A92A810CD60078FA4B /* ProfileView.swift */,
			);
			path = View;
			sourceTree = "<group>";
		};
		E3A1C7A02A8103A60078FA4B /* Model */ = {
			isa = PBXGroup;
			children = (
				E3A1C7A12A8103D70078FA4B /* ToDo.swift */,
				E3A1C7A32A8104DA0078FA4B /* ToDoStore.swift */,
			);
			path = Model;
			sourceTree = "<group>";
		};
/* End PBXGroup section */

/* Begin PBXNativeTarget section */
		E3A1C78D2A8100970078FA4B /* ToDoList */ = {
			isa = PBXNativeTarget;
			buildConfigurationList = E3A1C79C2A81009A0078FA4B /* Build configuration list for PBXNativeTarget "ToDoList" */;
			buildPhases = (
				E3A1C78A2A8100970078FA4B /* Sources */,
				E3A1C78B2A8100970078FA4B /* Frameworks */,
				E3A1C78C2A8100970078FA4B /* Resources */,
			);
			buildRules = (
			);
			dependencies = (
			);
			name = ToDoList;
			packageProductDependencies = (
				E3B6B5F52A8E366600F772E8 /* FirebaseAuth */,
				E3B6B5F72A8E366600F772E8 /* FirebaseAuthCombine-Community */,
				E3B6B5F92A8E366600F772E8 /* FirebaseDatabase */,
				E3B6B5FB2A8E366600F772E8 /* FirebaseDatabaseSwift */,
				E3B6B5FD2A8E366600F772E8 /* FirebaseFirestore */,
				E3B6B5FF2A8E366600F772E8 /* FirebaseFirestoreCombine-Community */,
				E3B6B6012A8E366600F772E8 /* FirebaseFirestoreSwift */,
			);
			productName = ToDoList;
			productReference = E3A1C78E2A8100970078FA4B /* ToDoList.app */;
			productType = "com.apple.product-type.application";
		};
/* End PBXNativeTarget section */

/* Begin PBXProject section */
		E3A1C7862A8100970078FA4B /* Project object */ = {
			isa = PBXProject;
			attributes = {
				BuildIndependentTargetsInParallel = 1;
				LastSwiftUpdateCheck = 1430;
				LastUpgradeCheck = 1430;
				TargetAttributes = {
					E3A1C78D2A8100970078FA4B = {
						CreatedOnToolsVersion = 14.3.1;
					};
				};
			};
			buildConfigurationList = E3A1C7892A8100970078FA4B /* Build configuration list for PBXProject "ToDoList" */;
			compatibilityVersion = "Xcode 14.0";
			developmentRegion = en;
			hasScannedForEncodings = 0;
			knownRegions = (
				en,
				Base,
			);
			mainGroup = E3A1C7852A8100970078FA4B;
			packageReferences = (
				E3B6B5F42A8E366600F772E8 /* XCRemoteSwiftPackageReference "firebase-ios-sdk" */,
			);
			productRefGroup = E3A1C78F2A8100970078FA4B /* Products */;
			projectDirPath = "";
			projectRoot = "";
			targets = (
				E3A1C78D2A8100970078FA4B /* ToDoList */,
			);
		};
/* End PBXProject section */

/* Begin PBXResourcesBuildPhase section */
		E3A1C78C2A8100970078FA4B /* Resources */ = {
			isa = PBXResourcesBuildPhase;
			buildActionMask = 2147483647;
			files = (
				E3A1C7992A81009A0078FA4B /* Preview Assets.xcassets in Resources */,
				E3B6B5F32A8E35A700F772E8 /* GoogleService-Info (3).plist in Resources */,
				E3A1C7962A81009A0078FA4B /* Assets.xcassets in Resources */,
			);
			runOnlyForDeploymentPostprocessing = 0;
		};
/* End PBXResourcesBuildPhase section */

/* Begin PBXSourcesBuildPhase section */
		E3A1C78A2A8100970078FA4B /* Sources */ = {
			isa = PBXSourcesBuildPhase;
			buildActionMask = 2147483647;
			files = (
				E3A1C7A22A8103D70078FA4B /* ToDo.swift in Sources */,
				E3A1C7A42A8104DA0078FA4B /* ToDoStore.swift in Sources */,
				E3A1C7942A8100970078FA4B /* ContentView.swift in Sources */,
				E3A1C7A82A810A6A0078FA4B /* HomeView.swift in Sources */,
				E3A1C7A62A8109620078FA4B /* PlusToDoView.swift in Sources */,
				E3A1C7AA2A810CD60078FA4B /* ProfileView.swift in Sources */,
				E3A1C7922A8100970078FA4B /* ToDoListApp.swift in Sources */,
			);
			runOnlyForDeploymentPostprocessing = 0;
		};
/* End PBXSourcesBuildPhase section */

/* Begin XCBuildConfiguration section */
		E3A1C79A2A81009A0078FA4B /* Debug */ = {
			isa = XCBuildConfiguration;
			buildSettings = {
				ALWAYS_SEARCH_USER_PATHS = NO;
				CLANG_ANALYZER_NONNULL = YES;
				CLANG_ANALYZER_NUMBER_OBJECT_CONVERSION = YES_AGGRESSIVE;
				CLANG_CXX_LANGUAGE_STANDARD = "gnu++20";
				CLANG_ENABLE_MODULES = YES;
				CLANG_ENABLE_OBJC_ARC = YES;
				CLANG_ENABLE_OBJC_WEAK = YES;
				CLANG_WARN_BLOCK_CAPTURE_AUTORELEASING = YES;
				CLANG_WARN_BOOL_CONVERSION = YES;
				CLANG_WARN_COMMA = YES;
				CLANG_WARN_CONSTANT_CONVERSION = YES;
				CLANG_WARN_DEPRECATED_OBJC_IMPLEMENTATIONS = YES;
				CLANG_WARN_DIRECT_OBJC_ISA_USAGE = YES_ERROR;
				CLANG_WARN_DOCUMENTATION_COMMENTS = YES;
				CLANG_WARN_EMPTY_BODY = YES;
				CLANG_WARN_ENUM_CONVERSION = YES;
				CLANG_WARN_INFINITE_RECURSION = YES;
				CLANG_WARN_INT_CONVERSION = YES;
				CLANG_WARN_NON_LITERAL_NULL_CONVERSION = YES;
				CLANG_WARN_OBJC_IMPLICIT_RETAIN_SELF = YES;
				CLANG_WARN_OBJC_LITERAL_CONVERSION = YES;
				CLANG_WARN_OBJC_ROOT_CLASS = YES_ERROR;
				CLANG_WARN_QUOTED_INCLUDE_IN_FRAMEWORK_HEADER = YES;
				CLANG_WARN_RANGE_LOOP_ANALYSIS = YES;
				CLANG_WARN_STRICT_PROTOTYPES = YES;
				CLANG_WARN_SUSPICIOUS_MOVE = YES;
				CLANG_WARN_UNGUARDED_AVAILABILITY = YES_AGGRESSIVE;
				CLANG_WARN_UNREACHABLE_CODE = YES;
				CLANG_WARN__DUPLICATE_METHOD_MATCH = YES;
				COPY_PHASE_STRIP = NO;
				DEBUG_INFORMATION_FORMAT = dwarf;
				ENABLE_STRICT_OBJC_MSGSEND = YES;
				ENABLE_TESTABILITY = YES;
				GCC_C_LANGUAGE_STANDARD = gnu11;
				GCC_DYNAMIC_NO_PIC = NO;
				GCC_NO_COMMON_BLOCKS = YES;
				GCC_OPTIMIZATION_LEVEL = 0;
				GCC_PREPROCESSOR_DEFINITIONS = (
					"DEBUG=1",
					"$(inherited)",
				);
				GCC_WARN_64_TO_32_BIT_CONVERSION = YES;
				GCC_WARN_ABOUT_RETURN_TYPE = YES_ERROR;
				GCC_WARN_UNDECLARED_SELECTOR = YES;
				GCC_WARN_UNINITIALIZED_AUTOS = YES_AGGRESSIVE;
				GCC_WARN_UNUSED_FUNCTION = YES;
				GCC_WARN_UNUSED_VARIABLE = YES;
				IPHONEOS_DEPLOYMENT_TARGET = 16.4;
				MTL_ENABLE_DEBUG_INFO = INCLUDE_SOURCE;
				MTL_FAST_MATH = YES;
				ONLY_ACTIVE_ARCH = YES;
				SDKROOT = iphoneos;
				SWIFT_ACTIVE_COMPILATION_CONDITIONS = DEBUG;
				SWIFT_OPTIMIZATION_LEVEL = "-Onone";
			};
			name = Debug;
		};
		E3A1C79B2A81009A0078FA4B /* Release */ = {
			isa = XCBuildConfiguration;
			buildSettings = {
				ALWAYS_SEARCH_USER_PATHS = NO;
				CLANG_ANALYZER_NONNULL = YES;
				CLANG_ANALYZER_NUMBER_OBJECT_CONVERSION = YES_AGGRESSIVE;
				CLANG_CXX_LANGUAGE_STANDARD = "gnu++20";
				CLANG_ENABLE_MODULES = YES;
				CLANG_ENABLE_OBJC_ARC = YES;
				CLANG_ENABLE_OBJC_WEAK = YES;
				CLANG_WARN_BLOCK_CAPTURE_AUTORELEASING = YES;
				CLANG_WARN_BOOL_CONVERSION = YES;
				CLANG_WARN_COMMA = YES;
				CLANG_WARN_CONSTANT_CONVERSION = YES;
				CLANG_WARN_DEPRECATED_OBJC_IMPLEMENTATIONS = YES;
				CLANG_WARN_DIRECT_OBJC_ISA_USAGE = YES_ERROR;
				CLANG_WARN_DOCUMENTATION_COMMENTS = YES;
				CLANG_WARN_EMPTY_BODY = YES;
				CLANG_WARN_ENUM_CONVERSION = YES;
				CLANG_WARN_INFINITE_RECURSION = YES;
				CLANG_WARN_INT_CONVERSION = YES;
				CLANG_WARN_NON_LITERAL_NULL_CONVERSION = YES;
				CLANG_WARN_OBJC_IMPLICIT_RETAIN_SELF = YES;
				CLANG_WARN_OBJC_LITERAL_CONVERSION = YES;
				CLANG_WARN_OBJC_ROOT_CLASS = YES_ERROR;
				CLANG_WARN_QUOTED_INCLUDE_IN_FRAMEWORK_HEADER = YES;
				CLANG_WARN_RANGE_LOOP_ANALYSIS = YES;
				CLANG_WARN_STRICT_PROTOTYPES = YES;
				CLANG_WARN_SUSPICIOUS_MOVE = YES;
				CLANG_WARN_UNGUARDED_AVAILABILITY = YES_AGGRESSIVE;
				CLANG_WARN_UNREACHABLE_CODE = YES;
				CLANG_WARN__DUPLICATE_METHOD_MATCH = YES;
				COPY_PHASE_STRIP = NO;
				DEBUG_INFORMATION_FORMAT = "dwarf-with-dsym";
				ENABLE_NS_ASSERTIONS = NO;
				ENABLE_STRICT_OBJC_MSGSEND = YES;
				GCC_C_LANGUAGE_STANDARD = gnu11;
				GCC_NO_COMMON_BLOCKS = YES;
				GCC_WARN_64_TO_32_BIT_CONVERSION = YES;
				GCC_WARN_ABOUT_RETURN_TYPE = YES_ERROR;
				GCC_WARN_UNDECLARED_SELECTOR = YES;
				GCC_WARN_UNINITIALIZED_AUTOS = YES_AGGRESSIVE;
				GCC_WARN_UNUSED_FUNCTION = YES;
				GCC_WARN_UNUSED_VARIABLE = YES;
				IPHONEOS_DEPLOYMENT_TARGET = 16.4;
				MTL_ENABLE_DEBUG_INFO = NO;
				MTL_FAST_MATH = YES;
				SDKROOT = iphoneos;
				SWIFT_COMPILATION_MODE = wholemodule;
				SWIFT_OPTIMIZATION_LEVEL = "-O";
				VALIDATE_PRODUCT = YES;
			};
			name = Release;
		};
		E3A1C79D2A81009A0078FA4B /* Debug */ = {
			isa = XCBuildConfiguration;
			buildSettings = {
				ASSETCATALOG_COMPILER_APPICON_NAME = AppIcon;
				ASSETCATALOG_COMPILER_GLOBAL_ACCENT_COLOR_NAME = AccentColor;
				CODE_SIGN_STYLE = Automatic;
				CURRENT_PROJECT_VERSION = 1;
				DEVELOPMENT_ASSET_PATHS = "\"ToDoList/Preview Content\"";
				DEVELOPMENT_TEAM = LU39LX87ML;
				ENABLE_PREVIEWS = YES;
				GENERATE_INFOPLIST_FILE = YES;
				INFOPLIST_KEY_UIApplicationSceneManifest_Generation = YES;
				INFOPLIST_KEY_UIApplicationSupportsIndirectInputEvents = YES;
				INFOPLIST_KEY_UILaunchScreen_Generation = YES;
				INFOPLIST_KEY_UISupportedInterfaceOrientations_iPad = "UIInterfaceOrientationPortrait UIInterfaceOrientationPortraitUpsideDown UIInterfaceOrientationLandscapeLeft UIInterfaceOrientationLandscapeRight";
				INFOPLIST_KEY_UISupportedInterfaceOrientations_iPhone = "UIInterfaceOrientationPortrait UIInterfaceOrientationLandscapeLeft UIInterfaceOrientationLandscapeRight";
				LD_RUNPATH_SEARCH_PATHS = (
					"$(inherited)",
					"@executable_path/Frameworks",
				);
				MARKETING_VERSION = 1.0;
				PRODUCT_BUNDLE_IDENTIFIER = com.Chris.ToDoList;
				PRODUCT_NAME = "$(TARGET_NAME)";
				SWIFT_EMIT_LOC_STRINGS = YES;
				SWIFT_VERSION = 5.0;
				TARGETED_DEVICE_FAMILY = "1,2";
			};
			name = Debug;
		};
		E3A1C79E2A81009A0078FA4B /* Release */ = {
			isa = XCBuildConfiguration;
			buildSettings = {
				ASSETCATALOG_COMPILER_APPICON_NAME = AppIcon;
				ASSETCATALOG_COMPILER_GLOBAL_ACCENT_COLOR_NAME = AccentColor;
				CODE_SIGN_STYLE = Automatic;
				CURRENT_PROJECT_VERSION = 1;
				DEVELOPMENT_ASSET_PATHS = "\"ToDoList/Preview Content\"";
				DEVELOPMENT_TEAM = LU39LX87ML;
				ENABLE_PREVIEWS = YES;
				GENERATE_INFOPLIST_FILE = YES;
				INFOPLIST_KEY_UIApplicationSceneManifest_Generation = YES;
				INFOPLIST_KEY_UIApplicationSupportsIndirectInputEvents = YES;
				INFOPLIST_KEY_UILaunchScreen_Generation = YES;
				INFOPLIST_KEY_UISupportedInterfaceOrientations_iPad = "UIInterfaceOrientationPortrait UIInterfaceOrientationPortraitUpsideDown UIInterfaceOrientationLandscapeLeft UIInterfaceOrientationLandscapeRight";
				INFOPLIST_KEY_UISupportedInterfaceOrientations_iPhone = "UIInterfaceOrientationPortrait UIInterfaceOrientationLandscapeLeft UIInterfaceOrientationLandscapeRight";
				LD_RUNPATH_SEARCH_PATHS = (
					"$(inherited)",
					"@executable_path/Frameworks",
				);
				MARKETING_VERSION = 1.0;
				PRODUCT_BUNDLE_IDENTIFIER = com.Chris.ToDoList;
				PRODUCT_NAME = "$(TARGET_NAME)";
				SWIFT_EMIT_LOC_STRINGS = YES;
				SWIFT_VERSION = 5.0;
				TARGETED_DEVICE_FAMILY = "1,2";
			};
			name = Release;
		};
/* End XCBuildConfiguration section */

/* Begin XCConfigurationList section */
		E3A1C7892A8100970078FA4B /* Build configuration list for PBXProject "ToDoList" */ = {
			isa = XCConfigurationList;
			buildConfigurations = (
				E3A1C79A2A81009A0078FA4B /* Debug */,
				E3A1C79B2A81009A0078FA4B /* Release */,
			);
			defaultConfigurationIsVisible = 0;
			defaultConfigurationName = Release;
		};
		E3A1C79C2A81009A0078FA4B /* Build configuration list for PBXNativeTarget "ToDoList" */ = {
			isa = XCConfigurationList;
			buildConfigurations = (
				E3A1C79D2A81009A0078FA4B /* Debug */,
				E3A1C79E2A81009A0078FA4B /* Release */,
			);
			defaultConfigurationIsVisible = 0;
			defaultConfigurationName = Release;
		};
/* End XCConfigurationList section */

/* Begin XCRemoteSwiftPackageReference section */
		E3B6B5F42A8E366600F772E8 /* XCRemoteSwiftPackageReference "firebase-ios-sdk" */ = {
			isa = XCRemoteSwiftPackageReference;
			repositoryURL = "https://github.com/firebase/firebase-ios-sdk";
			requirement = {
				kind = upToNextMajorVersion;
				minimumVersion = 10.0.0;
			};
		};
/* End XCRemoteSwiftPackageReference section */

/* Begin XCSwiftPackageProductDependency section */
		E3B6B5F52A8E366600F772E8 /* FirebaseAuth */ = {
			isa = XCSwiftPackageProductDependency;
			package = E3B6B5F42A8E366600F772E8 /* XCRemoteSwiftPackageReference "firebase-ios-sdk" */;
			productName = FirebaseAuth;
		};
		E3B6B5F72A8E366600F772E8 /* FirebaseAuthCombine-Community */ = {
			isa = XCSwiftPackageProductDependency;
			package = E3B6B5F42A8E366600F772E8 /* XCRemoteSwiftPackageReference "firebase-ios-sdk" */;
			productName = "FirebaseAuthCombine-Community";
		};
		E3B6B5F92A8E366600F772E8 /* FirebaseDatabase */ = {
			isa = XCSwiftPackageProductDependency;
			package = E3B6B5F42A8E366600F772E8 /* XCRemoteSwiftPackageReference "firebase-ios-sdk" */;
			productName = FirebaseDatabase;
		};
		E3B6B5FB2A8E366600F772E8 /* FirebaseDatabaseSwift */ = {
			isa = XCSwiftPackageProductDependency;
			package = E3B6B5F42A8E366600F772E8 /* XCRemoteSwiftPackageReference "firebase-ios-sdk" */;
			productName = FirebaseDatabaseSwift;
		};
		E3B6B5FD2A8E366600F772E8 /* FirebaseFirestore */ = {
			isa = XCSwiftPackageProductDependency;
			package = E3B6B5F42A8E366600F772E8 /* XCRemoteSwiftPackageReference "firebase-ios-sdk" */;
			productName = FirebaseFirestore;
		};
		E3B6B5FF2A8E366600F772E8 /* FirebaseFirestoreCombine-Community */ = {
			isa = XCSwiftPackageProductDependency;
			package = E3B6B5F42A8E366600F772E8 /* XCRemoteSwiftPackageReference "firebase-ios-sdk" */;
			productName = "FirebaseFirestoreCombine-Community";
		};
		E3B6B6012A8E366600F772E8 /* FirebaseFirestoreSwift */ = {
			isa = XCSwiftPackageProductDependency;
			package = E3B6B5F42A8E366600F772E8 /* XCRemoteSwiftPackageReference "firebase-ios-sdk" */;
			productName = FirebaseFirestoreSwift;
		};
/* End XCSwiftPackageProductDependency section */
	};
	rootObject = E3A1C7862A8100970078FA4B /* Project object */;
}
